# This file is generated by running "yarn install" inside your project.
# Manual changes might be lost - proceed with caution!

__metadata:
  version: 8
  cacheKey: 10c0

"dotenv@npm:^17.4.1":
  version: 17.4.1
  resolution: "dotenv@npm:17.4.1"
  checksum: 10c0/eb6ae592ee1e8f6b7f62e0f0c2827c4f27bbe9e00abe9d7910e06456e63dccd42f011de94da9450a63c07ccc52c318f527c1b56ad8e2c81a1a16314b53d4fd99
  languageName: node
  linkType: hard

"mustache@npm:^4.2.0":
  version: 4.2.0
  resolution: "mustache@npm:4.2.0"
  bin:
    mustache: bin/mustache
  checksum: 10c0/1f8197e8a19e63645a786581d58c41df7853da26702dbc005193e2437c98ca49b255345c173d50c08fe4b4dbb363e53cb655ecc570791f8deb09887248dd34a2
  languageName: node
  linkType: hard

"satishjhanwer@workspace:.":
  version: 0.0.0-use.local
  resolution: "satishjhanwer@workspace:."
  dependencies:
    dotenv: "npm:^17.4.1"
    mustache: "npm:^4.2.0"
  languageName: unknown
  linkType: soft
